
Microsoft Visual Studio Solution File, Format Version 12.00
# Visual Studio Version 17
VisualStudioVersion = 17.0.32014.148
MinimumVisualStudioVersion = 10.0.40219.1
Project("{FAE04EC0-301F-11D3-BF4B-00C04F79EFBC}") = "VersioningAPI", "VersioningAPI\VersioningAPI.csproj", "{FB10C771-CB8E-4358-B406-BE2F5257C4BA}"
EndProject
Global
	GlobalSection(SolutionConfigurationPlatforms) = preSolution
		Debug|Any CPU = Debug|Any CPU
		Release|Any CPU = Release|Any CPU
	EndGlobalSection
	GlobalSection(ProjectConfigurationPlatforms) = postSolution
		{FB10C771-CB8E-4358-B406-BE2F5257C4BA}.Debug|Any CPU.ActiveCfg = Debug|Any CPU
		{FB10C771-CB8E-4358-B406-BE2F5257C4BA}.Debug|Any CPU.Build.0 = Debug|Any CPU
		{FB10C771-CB8E-4358-B406-BE2F5257C4BA}.Release|Any CPU.ActiveCfg = Release|Any CPU
		{FB10C771-CB8E-4358-B406-BE2F5257C4BA}.Release|Any CPU.Build.0 = Release|Any CPU
	EndGlobalSection
	GlobalSection(SolutionProperties) = preSolution
		HideSolutionNode = FALSE
	EndGlobalSection
	GlobalSection(ExtensibilityGlobals) = postSolution
		SolutionGuid = {23507313-AA78-4F5E-8306-BE62FA03BA1E}
	EndGlobalSection
EndGlobal
